// !$*UTF8*$!
{
	archiveVersion = 1;
	classes = {
	};
	objectVersion = 50;
	objects = {

/* Begin PBXBuildFile section */
		162D604DB93EBBB675054858 /* Pods_PicViewerTests.framework in Frameworks */ = {isa = PBXBuildFile; fileRef = D67AB483E4DAC980266801CF /* Pods_PicViewerTests.framework */; };
		91C2D4B77C787B89997B6DF8 /* Pods_PicViewer.framework in Frameworks */ = {isa = PBXBuildFile; fileRef = 625C3DFB711FE8DE28BA5895 /* Pods_PicViewer.framework */; };
		A6ED93330CA399C2A1AD5079 /* Pods_PicViewer_PicViewerUITests.framework in Frameworks */ = {isa = PBXBuildFile; fileRef = 656C897513CDB5AF5C20F8AB /* Pods_PicViewer_PicViewerUITests.framework */; };
		B1608BFF24E2913F00712044 /* PicTableViewCell.swift in Sources */ = {isa = PBXBuildFile; fileRef = B1608BFE24E2913F00712044 /* PicTableViewCell.swift */; };
		B1B71B1324E274DD00B39208 /* AppDelegate.swift in Sources */ = {isa = PBXBuildFile; fileRef = B1B71B1224E274DD00B39208 /* AppDelegate.swift */; };
		B1B71B1724E274DD00B39208 /* ViewController.swift in Sources */ = {isa = PBXBuildFile; fileRef = B1B71B1624E274DD00B39208 /* ViewController.swift */; };
		B1B71B1A24E274DD00B39208 /* Main.storyboard in Resources */ = {isa = PBXBuildFile; fileRef = B1B71B1824E274DD00B39208 /* Main.storyboard */; };
		B1B71B1D24E274DD00B39208 /* PicViewer.xcdatamodeld in Sources */ = {isa = PBXBuildFile; fileRef = B1B71B1B24E274DD00B39208 /* PicViewer.xcdatamodeld */; };
		B1B71B2224E274F500B39208 /* LaunchScreen.storyboard in Resources */ = {isa = PBXBuildFile; fileRef = B1B71B2024E274F500B39208 /* LaunchScreen.storyboard */; };
		B1B71B2D24E274F600B39208 /* PicViewerTests.swift in Sources */ = {isa = PBXBuildFile; fileRef = B1B71B2C24E274F600B39208 /* PicViewerTests.swift */; };
		B1B71B3824E274F600B39208 /* PicViewerUITests.swift in Sources */ = {isa = PBXBuildFile; fileRef = B1B71B3724E274F600B39208 /* PicViewerUITests.swift */; };
		B1B71B4824E27BF300B39208 /* Reachability.swift in Sources */ = {isa = PBXBuildFile; fileRef = B1B71B4624E27BF200B39208 /* Reachability.swift */; };
		B1B71B4924E27BF300B39208 /* PVNetworkManager.swift in Sources */ = {isa = PBXBuildFile; fileRef = B1B71B4724E27BF200B39208 /* PVNetworkManager.swift */; };
		B1B71B5024E27C3300B39208 /* ActivityIndicatorViewStyle.swift in Sources */ = {isa = PBXBuildFile; fileRef = B1B71B4D24E27C3300B39208 /* ActivityIndicatorViewStyle.swift */; };
		B1B71B5124E27C3300B39208 /* ViewUtils.swift in Sources */ = {isa = PBXBuildFile; fileRef = B1B71B4E24E27C3300B39208 /* ViewUtils.swift */; };
		B1B71B5224E27C3300B39208 /* ActivityIndicatorView.swift in Sources */ = {isa = PBXBuildFile; fileRef = B1B71B4F24E27C3300B39208 /* ActivityIndicatorView.swift */; };
		B1B71B5424E27CD200B39208 /* PDConstants.swift in Sources */ = {isa = PBXBuildFile; fileRef = B1B71B5324E27CD200B39208 /* PDConstants.swift */; };
		B1B71B5624E27F3F00B39208 /* PicDetailsModel.swift in Sources */ = {isa = PBXBuildFile; fileRef = B1B71B5524E27F3F00B39208 /* PicDetailsModel.swift */; };
		B1C71D8124E2F32200865469 /* Assets.xcassets in Resources */ = {isa = PBXBuildFile; fileRef = B1C71D8024E2F32100865469 /* Assets.xcassets */; };
/* End PBXBuildFile section */

/* Begin PBXContainerItemProxy section */
		B1B71B2924E274F600B39208 /* PBXContainerItemProxy */ = {
			isa = PBXContainerItemProxy;
			containerPortal = B1B71B0724E274DC00B39208 /* Project object */;
			proxyType = 1;
			remoteGlobalIDString = B1B71B0E24E274DD00B39208;
			remoteInfo = PicViewer;
		};
		B1B71B3424E274F600B39208 /* PBXContainerItemProxy */ = {
			isa = PBXContainerItemProxy;
			containerPortal = B1B71B0724E274DC00B39208 /* Project object */;
			proxyType = 1;
			remoteGlobalIDString = B1B71B0E24E274DD00B39208;
			remoteInfo = PicViewer;
		};
/* End PBXContainerItemProxy section */

/* Begin PBXFileReference section */
		21A3A62CAF6E7B6C3F40A747 /* Pods-PicViewerTests.release.xcconfig */ = {isa = PBXFileReference; includeInIndex = 1; lastKnownFileType = text.xcconfig; name = "Pods-PicViewerTests.release.xcconfig"; path = "Target Support Files/Pods-PicViewerTests/Pods-PicViewerTests.release.xcconfig"; sourceTree = "<group>"; };
		385337588576AEA4E80B4006 /* Pods-PicViewer.debug.xcconfig */ = {isa = PBXFileReference; includeInIndex = 1; lastKnownFileType = text.xcconfig; name = "Pods-PicViewer.debug.xcconfig"; path = "Target Support Files/Pods-PicViewer/Pods-PicViewer.debug.xcconfig"; sourceTree = "<group>"; };
		625C3DFB711FE8DE28BA5895 /* Pods_PicViewer.framework */ = {isa = PBXFileReference; explicitFileType = wrapper.framework; includeInIndex = 0; path = Pods_PicViewer.framework; sourceTree = BUILT_PRODUCTS_DIR; };
		656C897513CDB5AF5C20F8AB /* Pods_PicViewer_PicViewerUITests.framework */ = {isa = PBXFileReference; explicitFileType = wrapper.framework; includeInIndex = 0; path = Pods_PicViewer_PicViewerUITests.framework; sourceTree = BUILT_PRODUCTS_DIR; };
		751191CA141409568454C01C /* Pods-PicViewerTests.debug.xcconfig */ = {isa = PBXFileReference; includeInIndex = 1; lastKnownFileType = text.xcconfig; name = "Pods-PicViewerTests.debug.xcconfig"; path = "Target Support Files/Pods-PicViewerTests/Pods-PicViewerTests.debug.xcconfig"; sourceTree = "<group>"; };
		7A574B925E8309792F565CAB /* Pods-PicViewer.release.xcconfig */ = {isa = PBXFileReference; includeInIndex = 1; lastKnownFileType = text.xcconfig; name = "Pods-PicViewer.release.xcconfig"; path = "Target Support Files/Pods-PicViewer/Pods-PicViewer.release.xcconfig"; sourceTree = "<group>"; };
		B1608BFE24E2913F00712044 /* PicTableViewCell.swift */ = {isa = PBXFileReference; lastKnownFileType = sourcecode.swift; path = PicTableViewCell.swift; sourceTree = "<group>"; };
		B1B71B0F24E274DD00B39208 /* PicViewer.app */ = {isa = PBXFileReference; explicitFileType = wrapper.application; includeInIndex = 0; path = PicViewer.app; sourceTree = BUILT_PRODUCTS_DIR; };
		B1B71B1224E274DD00B39208 /* AppDelegate.swift */ = {isa = PBXFileReference; lastKnownFileType = sourcecode.swift; path = AppDelegate.swift; sourceTree = "<group>"; };
		B1B71B1624E274DD00B39208 /* ViewController.swift */ = {isa = PBXFileReference; lastKnownFileType = sourcecode.swift; path = ViewController.swift; sourceTree = "<group>"; };
		B1B71B1924E274DD00B39208 /* Base */ = {isa = PBXFileReference; lastKnownFileType = file.storyboard; name = Base; path = Base.lproj/Main.storyboard; sourceTree = "<group>"; };
		B1B71B1C24E274DD00B39208 /* PicViewer.xcdatamodel */ = {isa = PBXFileReference; lastKnownFileType = wrapper.xcdatamodel; path = PicViewer.xcdatamodel; sourceTree = "<group>"; };
		B1B71B2124E274F500B39208 /* Base */ = {isa = PBXFileReference; lastKnownFileType = file.storyboard; name = Base; path = Base.lproj/LaunchScreen.storyboard; sourceTree = "<group>"; };
		B1B71B2324E274F500B39208 /* Info.plist */ = {isa = PBXFileReference; lastKnownFileType = text.plist.xml; path = Info.plist; sourceTree = "<group>"; };
		B1B71B2824E274F600B39208 /* PicViewerTests.xctest */ = {isa = PBXFileReference; explicitFileType = wrapper.cfbundle; includeInIndex = 0; path = PicViewerTests.xctest; sourceTree = BUILT_PRODUCTS_DIR; };
		B1B71B2C24E274F600B39208 /* PicViewerTests.swift */ = {isa = PBXFileReference; lastKnownFileType = sourcecode.swift; path = PicViewerTests.swift; sourceTree = "<group>"; };
		B1B71B2E24E274F600B39208 /* Info.plist */ = {isa = PBXFileReference; lastKnownFileType = text.plist.xml; path = Info.plist; sourceTree = "<group>"; };
		B1B71B3324E274F600B39208 /* PicViewerUITests.xctest */ = {isa = PBXFileReference; explicitFileType = wrapper.cfbundle; includeInIndex = 0; path = PicViewerUITests.xctest; sourceTree = BUILT_PRODUCTS_DIR; };
		B1B71B3724E274F600B39208 /* PicViewerUITests.swift */ = {isa = PBXFileReference; lastKnownFileType = sourcecode.swift; path = PicViewerUITests.swift; sourceTree = "<group>"; };
		B1B71B3924E274F600B39208 /* Info.plist */ = {isa = PBXFileReference; lastKnownFileType = text.plist.xml; path = Info.plist; sourceTree = "<group>"; };
		B1B71B4624E27BF200B39208 /* Reachability.swift */ = {isa = PBXFileReference; fileEncoding = 4; lastKnownFileType = sourcecode.swift; path = Reachability.swift; sourceTree = "<group>"; };
		B1B71B4724E27BF200B39208 /* PVNetworkManager.swift */ = {isa = PBXFileReference; fileEncoding = 4; lastKnownFileType = sourcecode.swift; path = PVNetworkManager.swift; sourceTree = "<group>"; };
		B1B71B4D24E27C3300B39208 /* ActivityIndicatorViewStyle.swift */ = {isa = PBXFileReference; fileEncoding = 4; lastKnownFileType = sourcecode.swift; path = ActivityIndicatorViewStyle.swift; sourceTree = "<group>"; };
		B1B71B4E24E27C3300B39208 /* ViewUtils.swift */ = {isa = PBXFileReference; fileEncoding = 4; lastKnownFileType = sourcecode.swift; path = ViewUtils.swift; sourceTree = "<group>"; };
		B1B71B4F24E27C3300B39208 /* ActivityIndicatorView.swift */ = {isa = PBXFileReference; fileEncoding = 4; lastKnownFileType = sourcecode.swift; path = ActivityIndicatorView.swift; sourceTree = "<group>"; };
		B1B71B5324E27CD200B39208 /* PDConstants.swift */ = {isa = PBXFileReference; fileEncoding = 4; lastKnownFileType = sourcecode.swift; path = PDConstants.swift; sourceTree = "<group>"; };
		B1B71B5524E27F3F00B39208 /* PicDetailsModel.swift */ = {isa = PBXFileReference; lastKnownFileType = sourcecode.swift; path = PicDetailsModel.swift; sourceTree = "<group>"; };
		B1C71D8024E2F32100865469 /* Assets.xcassets */ = {isa = PBXFileReference; lastKnownFileType = folder.assetcatalog; path = Assets.xcassets; sourceTree = "<group>"; };
		D67AB483E4DAC980266801CF /* Pods_PicViewerTests.framework */ = {isa = PBXFileReference; explicitFileType = wrapper.framework; includeInIndex = 0; path = Pods_PicViewerTests.framework; sourceTree = BUILT_PRODUCTS_DIR; };
		D9D033006F89CCFF91992181 /* Pods-PicViewer-PicViewerUITests.release.xcconfig */ = {isa = PBXFileReference; includeInIndex = 1; lastKnownFileType = text.xcconfig; name = "Pods-PicViewer-PicViewerUITests.release.xcconfig"; path = "Target Support Files/Pods-PicViewer-PicViewerUITests/Pods-PicViewer-PicViewerUITests.release.xcconfig"; sourceTree = "<group>"; };
		EC8607EEE38653DB05BE352E /* Pods-PicViewer-PicViewerUITests.debug.xcconfig */ = {isa = PBXFileReference; includeInIndex = 1; lastKnownFileType = text.xcconfig; name = "Pods-PicViewer-PicViewerUITests.debug.xcconfig"; path = "Target Support Files/Pods-PicViewer-PicViewerUITests/Pods-PicViewer-PicViewerUITests.debug.xcconfig"; sourceTree = "<group>"; };
/* End PBXFileReference section */

/* Begin PBXFrameworksBuildPhase section */
		B1B71B0C24E274DD00B39208 /* Frameworks */ = {
			isa = PBXFrameworksBuildPhase;
			buildActionMask = 2147483647;
			files = (
				91C2D4B77C787B89997B6DF8 /* Pods_PicViewer.framework in Frameworks */,
			);
			runOnlyForDeploymentPostprocessing = 0;
		};
		B1B71B2524E274F600B39208 /* Frameworks */ = {
			isa = PBXFrameworksBuildPhase;
			buildActionMask = 2147483647;
			files = (
				162D604DB93EBBB675054858 /* Pods_PicViewerTests.framework in Frameworks */,
			);
			runOnlyForDeploymentPostprocessing = 0;
		};
		B1B71B3024E274F600B39208 /* Frameworks */ = {
			isa = PBXFrameworksBuildPhase;
			buildActionMask = 2147483647;
			files = (
				A6ED93330CA399C2A1AD5079 /* Pods_PicViewer_PicViewerUITests.framework in Frameworks */,
			);
			runOnlyForDeploymentPostprocessing = 0;
		};
/* End PBXFrameworksBuildPhase section */

/* Begin PBXGroup section */
		7830BE1BF8D2CA9C2A3EAE60 /* Pods */ = {
			isa = PBXGroup;
			children = (
				385337588576AEA4E80B4006 /* Pods-PicViewer.debug.xcconfig */,
				7A574B925E8309792F565CAB /* Pods-PicViewer.release.xcconfig */,
				EC8607EEE38653DB05BE352E /* Pods-PicViewer-PicViewerUITests.debug.xcconfig */,
				D9D033006F89CCFF91992181 /* Pods-PicViewer-PicViewerUITests.release.xcconfig */,
				751191CA141409568454C01C /* Pods-PicViewerTests.debug.xcconfig */,
				21A3A62CAF6E7B6C3F40A747 /* Pods-PicViewerTests.release.xcconfig */,
			);
			name = Pods;
			path = Pods;
			sourceTree = "<group>";
		};
		B1B71B0624E274DC00B39208 = {
			isa = PBXGroup;
			children = (
				B1B71B1124E274DD00B39208 /* PicViewer */,
				B1B71B2B24E274F600B39208 /* PicViewerTests */,
				B1B71B3624E274F600B39208 /* PicViewerUITests */,
				B1B71B1024E274DD00B39208 /* Products */,
				7830BE1BF8D2CA9C2A3EAE60 /* Pods */,
				CCC05AE12202FE82A0041E30 /* Frameworks */,
			);
			sourceTree = "<group>";
		};
		B1B71B1024E274DD00B39208 /* Products */ = {
			isa = PBXGroup;
			children = (
				B1B71B0F24E274DD00B39208 /* PicViewer.app */,
				B1B71B2824E274F600B39208 /* PicViewerTests.xctest */,
				B1B71B3324E274F600B39208 /* PicViewerUITests.xctest */,
			);
			name = Products;
			sourceTree = "<group>";
		};
		B1B71B1124E274DD00B39208 /* PicViewer */ = {
			isa = PBXGroup;
			children = (
				B1B71B1224E274DD00B39208 /* AppDelegate.swift */,
				B1B71B5724E280F800B39208 /* PicDetailsModel */,
				B1B71B5824E2814A00B39208 /* Controller */,
				B1B71B4524E27BF200B39208 /* APIManager */,
				B1B71B1824E274DD00B39208 /* Main.storyboard */,
				B1C71D8024E2F32100865469 /* Assets.xcassets */,
				B1B71B5324E27CD200B39208 /* PDConstants.swift */,
				B1B71B2024E274F500B39208 /* LaunchScreen.storyboard */,
				B1B71B2324E274F500B39208 /* Info.plist */,
				B1B71B1B24E274DD00B39208 /* PicViewer.xcdatamodeld */,
			);
			path = PicViewer;
			sourceTree = "<group>";
		};
		B1B71B2B24E274F600B39208 /* PicViewerTests */ = {
			isa = PBXGroup;
			children = (
				B1B71B2C24E274F600B39208 /* PicViewerTests.swift */,
				B1B71B2E24E274F600B39208 /* Info.plist */,
			);
			path = PicViewerTests;
			sourceTree = "<group>";
		};
		B1B71B3624E274F600B39208 /* PicViewerUITests */ = {
			isa = PBXGroup;
			children = (
				B1B71B3724E274F600B39208 /* PicViewerUITests.swift */,
				B1B71B3924E274F600B39208 /* Info.plist */,
			);
			path = PicViewerUITests;
			sourceTree = "<group>";
		};
		B1B71B4524E27BF200B39208 /* APIManager */ = {
			isa = PBXGroup;
			children = (
				B1B71B4724E27BF200B39208 /* PVNetworkManager.swift */,
				B1B71B4624E27BF200B39208 /* Reachability.swift */,
			);
			path = APIManager;
			sourceTree = "<group>";
		};
		B1B71B4C24E27C3300B39208 /* Helper */ = {
			isa = PBXGroup;
			children = (
				B1B71B4D24E27C3300B39208 /* ActivityIndicatorViewStyle.swift */,
				B1B71B4E24E27C3300B39208 /* ViewUtils.swift */,
				B1B71B4F24E27C3300B39208 /* ActivityIndicatorView.swift */,
			);
			path = Helper;
			sourceTree = "<group>";
		};
		B1B71B5724E280F800B39208 /* PicDetailsModel */ = {
			isa = PBXGroup;
			children = (
				B1B71B5524E27F3F00B39208 /* PicDetailsModel.swift */,
			);
			path = PicDetailsModel;
			sourceTree = "<group>";
		};
		B1B71B5824E2814A00B39208 /* Controller */ = {
			isa = PBXGroup;
			children = (
				B1B71B1624E274DD00B39208 /* ViewController.swift */,
				B1608BFE24E2913F00712044 /* PicTableViewCell.swift */,
				B1B71B4C24E27C3300B39208 /* Helper */,
			);
			path = Controller;
			sourceTree = "<group>";
		};
		CCC05AE12202FE82A0041E30 /* Frameworks */ = {
			isa = PBXGroup;
			children = (
				625C3DFB711FE8DE28BA5895 /* Pods_PicViewer.framework */,
				656C897513CDB5AF5C20F8AB /* Pods_PicViewer_PicViewerUITests.framework */,
				D67AB483E4DAC980266801CF /* Pods_PicViewerTests.framework */,
			);
			name = Frameworks;
			sourceTree = "<group>";
		};
/* End PBXGroup section */

/* Begin PBXNativeTarget section */
		B1B71B0E24E274DD00B39208 /* PicViewer */ = {
			isa = PBXNativeTarget;
			buildConfigurationList = B1B71B3C24E274F600B39208 /* Build configuration list for PBXNativeTarget "PicViewer" */;
			buildPhases = (
				024091F60232F99B36741B28 /* [CP] Check Pods Manifest.lock */,
				B1B71B0B24E274DD00B39208 /* Sources */,
				B1B71B0C24E274DD00B39208 /* Frameworks */,
				B1B71B0D24E274DD00B39208 /* Resources */,
				AF08220A2CF01DA22D804E8D /* [CP] Embed Pods Frameworks */,
			);
			buildRules = (
			);
			dependencies = (
			);
			name = PicViewer;
			productName = PicViewer;
			productReference = B1B71B0F24E274DD00B39208 /* PicViewer.app */;
			productType = "com.apple.product-type.application";
		};
		B1B71B2724E274F600B39208 /* PicViewerTests */ = {
			isa = PBXNativeTarget;
			buildConfigurationList = B1B71B3F24E274F600B39208 /* Build configuration list for PBXNativeTarget "PicViewerTests" */;
			buildPhases = (
				68CE0161BC2DDEFD38231C3A /* [CP] Check Pods Manifest.lock */,
				B1B71B2424E274F600B39208 /* Sources */,
				B1B71B2524E274F600B39208 /* Frameworks */,
				B1B71B2624E274F600B39208 /* Resources */,
			);
			buildRules = (
			);
			dependencies = (
				B1B71B2A24E274F600B39208 /* PBXTargetDependency */,
			);
			name = PicViewerTests;
			productName = PicViewerTests;
			productReference = B1B71B2824E274F600B39208 /* PicViewerTests.xctest */;
			productType = "com.apple.product-type.bundle.unit-test";
		};
		B1B71B3224E274F600B39208 /* PicViewerUITests */ = {
			isa = PBXNativeTarget;
			buildConfigurationList = B1B71B4224E274F600B39208 /* Build configuration list for PBXNativeTarget "PicViewerUITests" */;
			buildPhases = (
				CA275110436A6046B3FBA43D /* [CP] Check Pods Manifest.lock */,
				B1B71B2F24E274F600B39208 /* Sources */,
				B1B71B3024E274F600B39208 /* Frameworks */,
				B1B71B3124E274F600B39208 /* Resources */,
				5E2A0B47CB9F5E3DA7BE7F61 /* [CP] Embed Pods Frameworks */,
			);
			buildRules = (
			);
			dependencies = (
				B1B71B3524E274F600B39208 /* PBXTargetDependency */,
			);
			name = PicViewerUITests;
			productName = PicViewerUITests;
			productReference = B1B71B3324E274F600B39208 /* PicViewerUITests.xctest */;
			productType = "com.apple.product-type.bundle.ui-testing";
		};
/* End PBXNativeTarget section */

/* Begin PBXProject section */
		B1B71B0724E274DC00B39208 /* Project object */ = {
			isa = PBXProject;
			attributes = {
				LastSwiftUpdateCheck = 1150;
				LastUpgradeCheck = 1150;
				ORGANIZATIONNAME = senix.com;
				TargetAttributes = {
					B1B71B0E24E274DD00B39208 = {
						CreatedOnToolsVersion = 11.5;
					};
					B1B71B2724E274F600B39208 = {
						CreatedOnToolsVersion = 11.5;
						TestTargetID = B1B71B0E24E274DD00B39208;
					};
					B1B71B3224E274F600B39208 = {
						CreatedOnToolsVersion = 11.5;
						TestTargetID = B1B71B0E24E274DD00B39208;
					};
				};
			};
			buildConfigurationList = B1B71B0A24E274DC00B39208 /* Build configuration list for PBXProject "PicViewer" */;
			compatibilityVersion = "Xcode 9.3";
			developmentRegion = en;
			hasScannedForEncodings = 0;
			knownRegions = (
				en,
				Base,
			);
			mainGroup = B1B71B0624E274DC00B39208;
			productRefGroup = B1B71B1024E274DD00B39208 /* Products */;
			projectDirPath = "";
			projectRoot = "";
			targets = (
				B1B71B0E24E274DD00B39208 /* PicViewer */,
				B1B71B2724E274F600B39208 /* PicViewerTests */,
				B1B71B3224E274F600B39208 /* PicViewerUITests */,
			);
		};
/* End PBXProject section */

/* Begin PBXResourcesBuildPhase section */
		B1B71B0D24E274DD00B39208 /* Resources */ = {
			isa = PBXResourcesBuildPhase;
			buildActionMask = 2147483647;
			files = (
				B1B71B2224E274F500B39208 /* LaunchScreen.storyboard in Resources */,
				B1C71D8124E2F32200865469 /* Assets.xcassets in Resources */,
				B1B71B1A24E274DD00B39208 /* Main.storyboard in Resources */,
			);
			runOnlyForDeploymentPostprocessing = 0;
		};
		B1B71B2624E274F600B39208 /* Resources */ = {
			isa = PBXResourcesBuildPhase;
			buildActionMask = 2147483647;
			files = (
			);
			runOnlyForDeploymentPostprocessing = 0;
		};
		B1B71B3124E274F600B39208 /* Resources */ = {
			isa = PBXResourcesBuildPhase;
			buildActionMask = 2147483647;
			files = (
			);
			runOnlyForDeploymentPostprocessing = 0;
		};
/* End PBXResourcesBuildPhase section */

/* Begin PBXShellScriptBuildPhase section */
		024091F60232F99B36741B28 /* [CP] Check Pods Manifest.lock */ = {
			isa = PBXShellScriptBuildPhase;
			buildActionMask = 2147483647;
			files = (
			);
			inputFileListPaths = (
			);
			inputPaths = (
				"${PODS_PODFILE_DIR_PATH}/Podfile.lock",
				"${PODS_ROOT}/Manifest.lock",
			);
			name = "[CP] Check Pods Manifest.lock";
			outputFileListPaths = (
			);
			outputPaths = (
				"$(DERIVED_FILE_DIR)/Pods-PicViewer-checkManifestLockResult.txt",
			);
			runOnlyForDeploymentPostprocessing = 0;
			shellPath = /bin/sh;
			shellScript = "diff \"${PODS_PODFILE_DIR_PATH}/Podfile.lock\" \"${PODS_ROOT}/Manifest.lock\" > /dev/null\nif [ $? != 0 ] ; then\n    # print error to STDERR\n    echo \"error: The sandbox is not in sync with the Podfile.lock. Run 'pod install' or update your CocoaPods installation.\" >&2\n    exit 1\nfi\n# This output is used by Xcode 'outputs' to avoid re-running this script phase.\necho \"SUCCESS\" > \"${SCRIPT_OUTPUT_FILE_0}\"\n";
			showEnvVarsInLog = 0;
		};
		5E2A0B47CB9F5E3DA7BE7F61 /* [CP] Embed Pods Frameworks */ = {
			isa = PBXShellScriptBuildPhase;
			buildActionMask = 2147483647;
			files = (
			);
			inputFileListPaths = (
				"${PODS_ROOT}/Target Support Files/Pods-PicViewer-PicViewerUITests/Pods-PicViewer-PicViewerUITests-frameworks-${CONFIGURATION}-input-files.xcfilelist",
			);
			name = "[CP] Embed Pods Frameworks";
			outputFileListPaths = (
				"${PODS_ROOT}/Target Support Files/Pods-PicViewer-PicViewerUITests/Pods-PicViewer-PicViewerUITests-frameworks-${CONFIGURATION}-output-files.xcfilelist",
			);
			runOnlyForDeploymentPostprocessing = 0;
			shellPath = /bin/sh;
			shellScript = "\"${PODS_ROOT}/Target Support Files/Pods-PicViewer-PicViewerUITests/Pods-PicViewer-PicViewerUITests-frameworks.sh\"\n";
			showEnvVarsInLog = 0;
		};
		68CE0161BC2DDEFD38231C3A /* [CP] Check Pods Manifest.lock */ = {
			isa = PBXShellScriptBuildPhase;
			buildActionMask = 2147483647;
			files = (
			);
			inputFileListPaths = (
			);
			inputPaths = (
				"${PODS_PODFILE_DIR_PATH}/Podfile.lock",
				"${PODS_ROOT}/Manifest.lock",
			);
			name = "[CP] Check Pods Manifest.lock";
			outputFileListPaths = (
			);
			outputPaths = (
				"$(DERIVED_FILE_DIR)/Pods-PicViewerTests-checkManifestLockResult.txt",
			);
			runOnlyForDeploymentPostprocessing = 0;
			shellPath = /bin/sh;
			shellScript = "diff \"${PODS_PODFILE_DIR_PATH}/Podfile.lock\" \"${PODS_ROOT}/Manifest.lock\" > /dev/null\nif [ $? != 0 ] ; then\n    # print error to STDERR\n    echo \"error: The sandbox is not in sync with the Podfile.lock. Run 'pod install' or update your CocoaPods installation.\" >&2\n    exit 1\nfi\n# This output is used by Xcode 'outputs' to avoid re-running this script phase.\necho \"SUCCESS\" > \"${SCRIPT_OUTPUT_FILE_0}\"\n";
			showEnvVarsInLog = 0;
		};
		AF08220A2CF01DA22D804E8D /* [CP] Embed Pods Frameworks */ = {
			isa = PBXShellScriptBuildPhase;
			buildActionMask = 2147483647;
			files = (
			);
			inputFileListPaths = (
				"${PODS_ROOT}/Target Support Files/Pods-PicViewer/Pods-PicViewer-frameworks-${CONFIGURATION}-input-files.xcfilelist",
			);
			name = "[CP] Embed Pods Frameworks";
			outputFileListPaths = (
				"${PODS_ROOT}/Target Support Files/Pods-PicViewer/Pods-PicViewer-frameworks-${CONFIGURATION}-output-files.xcfilelist",
			);
			runOnlyForDeploymentPostprocessing = 0;
			shellPath = /bin/sh;
			shellScript = "\"${PODS_ROOT}/Target Support Files/Pods-PicViewer/Pods-PicViewer-frameworks.sh\"\n";
			showEnvVarsInLog = 0;
		};
		CA275110436A6046B3FBA43D /* [CP] Check Pods Manifest.lock */ = {
			isa = PBXShellScriptBuildPhase;
			buildActionMask = 2147483647;
			files = (
			);
			inputFileListPaths = (
			);
			inputPaths = (
				"${PODS_PODFILE_DIR_PATH}/Podfile.lock",
				"${PODS_ROOT}/Manifest.lock",
			);
			name = "[CP] Check Pods Manifest.lock";
			outputFileListPaths = (
			);
			outputPaths = (
				"$(DERIVED_FILE_DIR)/Pods-PicViewer-PicViewerUITests-checkManifestLockResult.txt",
			);
			runOnlyForDeploymentPostprocessing = 0;
			shellPath = /bin/sh;
			shellScript = "diff \"${PODS_PODFILE_DIR_PATH}/Podfile.lock\" \"${PODS_ROOT}/Manifest.lock\" > /dev/null\nif [ $? != 0 ] ; then\n    # print error to STDERR\n    echo \"error: The sandbox is not in sync with the Podfile.lock. Run 'pod install' or update your CocoaPods installation.\" >&2\n    exit 1\nfi\n# This output is used by Xcode 'outputs' to avoid re-running this script phase.\necho \"SUCCESS\" > \"${SCRIPT_OUTPUT_FILE_0}\"\n";
			showEnvVarsInLog = 0;
		};
/* End PBXShellScriptBuildPhase section */

/* Begin PBXSourcesBuildPhase section */
		B1B71B0B24E274DD00B39208 /* Sources */ = {
			isa = PBXSourcesBuildPhase;
			buildActionMask = 2147483647;
			files = (
				B1608BFF24E2913F00712044 /* PicTableViewCell.swift in Sources */,
				B1B71B5024E27C3300B39208 /* ActivityIndicatorViewStyle.swift in Sources */,
				B1B71B1D24E274DD00B39208 /* PicViewer.xcdatamodeld in Sources */,
				B1B71B1724E274DD00B39208 /* ViewController.swift in Sources */,
				B1B71B4924E27BF300B39208 /* PVNetworkManager.swift in Sources */,
				B1B71B1324E274DD00B39208 /* AppDelegate.swift in Sources */,
				B1B71B5424E27CD200B39208 /* PDConstants.swift in Sources */,
				B1B71B4824E27BF300B39208 /* Reachability.swift in Sources */,
				B1B71B5224E27C3300B39208 /* ActivityIndicatorView.swift in Sources */,
				B1B71B5124E27C3300B39208 /* ViewUtils.swift in Sources */,
				B1B71B5624E27F3F00B39208 /* PicDetailsModel.swift in Sources */,
			);
			runOnlyForDeploymentPostprocessing = 0;
		};
		B1B71B2424E274F600B39208 /* Sources */ = {
			isa = PBXSourcesBuildPhase;
			buildActionMask = 2147483647;
			files = (
				B1B71B2D24E274F600B39208 /* PicViewerTests.swift in Sources */,
			);
			runOnlyForDeploymentPostprocessing = 0;
		};
		B1B71B2F24E274F600B39208 /* Sources */ = {
			isa = PBXSourcesBuildPhase;
			buildActionMask = 2147483647;
			files = (
				B1B71B3824E274F600B39208 /* PicViewerUITests.swift in Sources */,
			);
			runOnlyForDeploymentPostprocessing = 0;
		};
/* End PBXSourcesBuildPhase section */

/* Begin PBXTargetDependency section */
		B1B71B2A24E274F600B39208 /* PBXTargetDependency */ = {
			isa = PBXTargetDependency;
			target = B1B71B0E24E274DD00B39208 /* PicViewer */;
			targetProxy = B1B71B2924E274F600B39208 /* PBXContainerItemProxy */;
		};
		B1B71B3524E274F600B39208 /* PBXTargetDependency */ = {
			isa = PBXTargetDependency;
			target = B1B71B0E24E274DD00B39208 /* PicViewer */;
			targetProxy = B1B71B3424E274F600B39208 /* PBXContainerItemProxy */;
		};
/* End PBXTargetDependency section */

/* Begin PBXVariantGroup section */
		B1B71B1824E274DD00B39208 /* Main.storyboard */ = {
			isa = PBXVariantGroup;
			children = (
				B1B71B1924E274DD00B39208 /* Base */,
			);
			name = Main.storyboard;
			sourceTree = "<group>";
		};
		B1B71B2024E274F500B39208 /* LaunchScreen.storyboard */ = {
			isa = PBXVariantGroup;
			children = (
				B1B71B2124E274F500B39208 /* Base */,
			);
			name = LaunchScreen.storyboard;
			sourceTree = "<group>";
		};
/* End PBXVariantGroup section */

/* Begin XCBuildConfiguration section */
		B1B71B3A24E274F600B39208 /* Debug */ = {
			isa = XCBuildConfiguration;
			buildSettings = {
				ALWAYS_SEARCH_USER_PATHS = NO;
				CLANG_ANALYZER_NONNULL = YES;
				CLANG_ANALYZER_NUMBER_OBJECT_CONVERSION = YES_AGGRESSIVE;
				CLANG_CXX_LANGUAGE_STANDARD = "gnu++14";
				CLANG_CXX_LIBRARY = "libc++";
				CLANG_ENABLE_MODULES = YES;
				CLANG_ENABLE_OBJC_ARC = YES;
				CLANG_ENABLE_OBJC_WEAK = YES;
				CLANG_WARN_BLOCK_CAPTURE_AUTORELEASING = YES;
				CLANG_WARN_BOOL_CONVERSION = YES;
				CLANG_WARN_COMMA = YES;
				CLANG_WARN_CONSTANT_CONVERSION = YES;
				CLANG_WARN_DEPRECATED_OBJC_IMPLEMENTATIONS = YES;
				CLANG_WARN_DIRECT_OBJC_ISA_USAGE = YES_ERROR;
				CLANG_WARN_DOCUMENTATION_COMMENTS = YES;
				CLANG_WARN_EMPTY_BODY = YES;
				CLANG_WARN_ENUM_CONVERSION = YES;
				CLANG_WARN_INFINITE_RECURSION = YES;
				CLANG_WARN_INT_CONVERSION = YES;
				CLANG_WARN_NON_LITERAL_NULL_CONVERSION = YES;
				CLANG_WARN_OBJC_IMPLICIT_RETAIN_SELF = YES;
				CLANG_WARN_OBJC_LITERAL_CONVERSION = YES;
				CLANG_WARN_OBJC_ROOT_CLASS = YES_ERROR;
				CLANG_WARN_RANGE_LOOP_ANALYSIS = YES;
				CLANG_WARN_STRICT_PROTOTYPES = YES;
				CLANG_WARN_SUSPICIOUS_MOVE = YES;
				CLANG_WARN_UNGUARDED_AVAILABILITY = YES_AGGRESSIVE;
				CLANG_WARN_UNREACHABLE_CODE = YES;
				CLANG_WARN__DUPLICATE_METHOD_MATCH = YES;
				COPY_PHASE_STRIP = NO;
				DEBUG_INFORMATION_FORMAT = dwarf;
				ENABLE_STRICT_OBJC_MSGSEND = YES;
				ENABLE_TESTABILITY = YES;
				GCC_C_LANGUAGE_STANDARD = gnu11;
				GCC_DYNAMIC_NO_PIC = NO;
				GCC_NO_COMMON_BLOCKS = YES;
				GCC_OPTIMIZATION_LEVEL = 0;
				GCC_PREPROCESSOR_DEFINITIONS = (
					"DEBUG=1",
					"$(inherited)",
				);
				GCC_WARN_64_TO_32_BIT_CONVERSION = YES;
				GCC_WARN_ABOUT_RETURN_TYPE = YES_ERROR;
				GCC_WARN_UNDECLARED_SELECTOR = YES;
				GCC_WARN_UNINITIALIZED_AUTOS = YES_AGGRESSIVE;
				GCC_WARN_UNUSED_FUNCTION = YES;
				GCC_WARN_UNUSED_VARIABLE = YES;
				IPHONEOS_DEPLOYMENT_TARGET = 13.5;
				MTL_ENABLE_DEBUG_INFO = INCLUDE_SOURCE;
				MTL_FAST_MATH = YES;
				ONLY_ACTIVE_ARCH = YES;
				SDKROOT = iphoneos;
				SWIFT_ACTIVE_COMPILATION_CONDITIONS = DEBUG;
				SWIFT_OPTIMIZATION_LEVEL = "-Onone";
			};
			name = Debug;
		};
		B1B71B3B24E274F600B39208 /* Release */ = {
			isa = XCBuildConfiguration;
			buildSettings = {
				ALWAYS_SEARCH_USER_PATHS = NO;
				CLANG_ANALYZER_NONNULL = YES;
				CLANG_ANALYZER_NUMBER_OBJECT_CONVERSION = YES_AGGRESSIVE;
				CLANG_CXX_LANGUAGE_STANDARD = "gnu++14";
				CLANG_CXX_LIBRARY = "libc++";
				CLANG_ENABLE_MODULES = YES;
				CLANG_ENABLE_OBJC_ARC = YES;
				CLANG_ENABLE_OBJC_WEAK = YES;
				CLANG_WARN_BLOCK_CAPTURE_AUTORELEASING = YES;
				CLANG_WARN_BOOL_CONVERSION = YES;
				CLANG_WARN_COMMA = YES;
				CLANG_WARN_CONSTANT_CONVERSION = YES;
				CLANG_WARN_DEPRECATED_OBJC_IMPLEMENTATIONS = YES;
				CLANG_WARN_DIRECT_OBJC_ISA_USAGE = YES_ERROR;
				CLANG_WARN_DOCUMENTATION_COMMENTS = YES;
				CLANG_WARN_EMPTY_BODY = YES;
				CLANG_WARN_ENUM_CONVERSION = YES;
				CLANG_WARN_INFINITE_RECURSION = YES;
				CLANG_WARN_INT_CONVERSION = YES;
				CLANG_WARN_NON_LITERAL_NULL_CONVERSION = YES;
				CLANG_WARN_OBJC_IMPLICIT_RETAIN_SELF = YES;
				CLANG_WARN_OBJC_LITERAL_CONVERSION = YES;
				CLANG_WARN_OBJC_ROOT_CLASS = YES_ERROR;
				CLANG_WARN_RANGE_LOOP_ANALYSIS = YES;
				CLANG_WARN_STRICT_PROTOTYPES = YES;
				CLANG_WARN_SUSPICIOUS_MOVE = YES;
				CLANG_WARN_UNGUARDED_AVAILABILITY = YES_AGGRESSIVE;
				CLANG_WARN_UNREACHABLE_CODE = YES;
				CLANG_WARN__DUPLICATE_METHOD_MATCH = YES;
				COPY_PHASE_STRIP = NO;
				DEBUG_INFORMATION_FORMAT = "dwarf-with-dsym";
				ENABLE_NS_ASSERTIONS = NO;
				ENABLE_STRICT_OBJC_MSGSEND = YES;
				GCC_C_LANGUAGE_STANDARD = gnu11;
				GCC_NO_COMMON_BLOCKS = YES;
				GCC_WARN_64_TO_32_BIT_CONVERSION = YES;
				GCC_WARN_ABOUT_RETURN_TYPE = YES_ERROR;
				GCC_WARN_UNDECLARED_SELECTOR = YES;
				GCC_WARN_UNINITIALIZED_AUTOS = YES_AGGRESSIVE;
				GCC_WARN_UNUSED_FUNCTION = YES;
				GCC_WARN_UNUSED_VARIABLE = YES;
				IPHONEOS_DEPLOYMENT_TARGET = 13.5;
				MTL_ENABLE_DEBUG_INFO = NO;
				MTL_FAST_MATH = YES;
				SDKROOT = iphoneos;
				SWIFT_COMPILATION_MODE = wholemodule;
				SWIFT_OPTIMIZATION_LEVEL = "-O";
				VALIDATE_PRODUCT = YES;
			};
			name = Release;
		};
		B1B71B3D24E274F600B39208 /* Debug */ = {
			isa = XCBuildConfiguration;
			baseConfigurationReference = 385337588576AEA4E80B4006 /* Pods-PicViewer.debug.xcconfig */;
			buildSettings = {
				ASSETCATALOG_COMPILER_APPICON_NAME = AppIcon;
				CODE_SIGN_STYLE = Automatic;
				DEVELOPMENT_TEAM = 3A54Q99JBM;
				INFOPLIST_FILE = PicViewer/Info.plist;
				IPHONEOS_DEPLOYMENT_TARGET = 12.0;
				LD_RUNPATH_SEARCH_PATHS = (
					"$(inherited)",
					"@executable_path/Frameworks",
				);
				PRODUCT_BUNDLE_IDENTIFIER = com.senix.com.PicViewer;
				PRODUCT_NAME = "$(TARGET_NAME)";
				SWIFT_VERSION = 5.0;
				TARGETED_DEVICE_FAMILY = "1,2";
			};
			name = Debug;
		};
		B1B71B3E24E274F600B39208 /* Release */ = {
			isa = XCBuildConfiguration;
			baseConfigurationReference = 7A574B925E8309792F565CAB /* Pods-PicViewer.release.xcconfig */;
			buildSettings = {
				ASSETCATALOG_COMPILER_APPICON_NAME = AppIcon;
				CODE_SIGN_STYLE = Automatic;
				DEVELOPMENT_TEAM = 3A54Q99JBM;
				INFOPLIST_FILE = PicViewer/Info.plist;
				IPHONEOS_DEPLOYMENT_TARGET = 12.0;
				LD_RUNPATH_SEARCH_PATHS = (
					"$(inherited)",
					"@executable_path/Frameworks",
				);
				PRODUCT_BUNDLE_IDENTIFIER = com.senix.com.PicViewer;
				PRODUCT_NAME = "$(TARGET_NAME)";
				SWIFT_VERSION = 5.0;
				TARGETED_DEVICE_FAMILY = "1,2";
			};
			name = Release;
		};
		B1B71B4024E274F600B39208 /* Debug */ = {
			isa = XCBuildConfiguration;
			baseConfigurationReference = 751191CA141409568454C01C /* Pods-PicViewerTests.debug.xcconfig */;
			buildSettings = {
				ALWAYS_EMBED_SWIFT_STANDARD_LIBRARIES = YES;
				BUNDLE_LOADER = "$(TEST_HOST)";
				CODE_SIGN_STYLE = Automatic;
				INFOPLIST_FILE = PicViewerTests/Info.plist;
				IPHONEOS_DEPLOYMENT_TARGET = 13.5;
				LD_RUNPATH_SEARCH_PATHS = (
					"$(inherited)",
					"@executable_path/Frameworks",
					"@loader_path/Frameworks",
				);
				PRODUCT_BUNDLE_IDENTIFIER = com.senix.com.PicViewerTests;
				PRODUCT_NAME = "$(TARGET_NAME)";
				SWIFT_VERSION = 5.0;
				TARGETED_DEVICE_FAMILY = "1,2";
				TEST_HOST = "$(BUILT_PRODUCTS_DIR)/PicViewer.app/PicViewer";
			};
			name = Debug;
		};
		B1B71B4124E274F600B39208 /* Release */ = {
			isa = XCBuildConfiguration;
			baseConfigurationReference = 21A3A62CAF6E7B6C3F40A747 /* Pods-PicViewerTests.release.xcconfig */;
			buildSettings = {
				ALWAYS_EMBED_SWIFT_STANDARD_LIBRARIES = YES;
				BUNDLE_LOADER = "$(TEST_HOST)";
				CODE_SIGN_STYLE = Automatic;
				INFOPLIST_FILE = PicViewerTests/Info.plist;
				IPHONEOS_DEPLOYMENT_TARGET = 13.5;
				LD_RUNPATH_SEARCH_PATHS = (
					"$(inherited)",
					"@executable_path/Frameworks",
					"@loader_path/Frameworks",
				);
				PRODUCT_BUNDLE_IDENTIFIER = com.senix.com.PicViewerTests;
				PRODUCT_NAME = "$(TARGET_NAME)";
				SWIFT_VERSION = 5.0;
				TARGETED_DEVICE_FAMILY = "1,2";
				TEST_HOST = "$(BUILT_PRODUCTS_DIR)/PicViewer.app/PicViewer";
			};
			name = Release;
		};
		B1B71B4324E274F600B39208 /* Debug */ = {
			isa = XCBuildConfiguration;
			baseConfigurationReference = EC8607EEE38653DB05BE352E /* Pods-PicViewer-PicViewerUITests.debug.xcconfig */;
			buildSettings = {
				ALWAYS_EMBED_SWIFT_STANDARD_LIBRARIES = YES;
				CODE_SIGN_STYLE = Automatic;
				INFOPLIST_FILE = PicViewerUITests/Info.plist;
				LD_RUNPATH_SEARCH_PATHS = (
					"$(inherited)",
					"@executable_path/Frameworks",
					"@loader_path/Frameworks",
				);
				PRODUCT_BUNDLE_IDENTIFIER = com.senix.com.PicViewerUITests;
				PRODUCT_NAME = "$(TARGET_NAME)";
				SWIFT_VERSION = 5.0;
				TARGETED_DEVICE_FAMILY = "1,2";
				TEST_TARGET_NAME = PicViewer;
			};
			name = Debug;
		};
		B1B71B4424E274F600B39208 /* Release */ = {
			isa = XCBuildConfiguration;
			baseConfigurationReference = D9D033006F89CCFF91992181 /* Pods-PicViewer-PicViewerUITests.release.xcconfig */;
			buildSettings = {
				ALWAYS_EMBED_SWIFT_STANDARD_LIBRARIES = YES;
				CODE_SIGN_STYLE = Automatic;
				INFOPLIST_FILE = PicViewerUITests/Info.plist;
				LD_RUNPATH_SEARCH_PATHS = (
					"$(inherited)",
					"@executable_path/Frameworks",
					"@loader_path/Frameworks",
				);
				PRODUCT_BUNDLE_IDENTIFIER = com.senix.com.PicViewerUITests;
				PRODUCT_NAME = "$(TARGET_NAME)";
				SWIFT_VERSION = 5.0;
				TARGETED_DEVICE_FAMILY = "1,2";
				TEST_TARGET_NAME = PicViewer;
			};
			name = Release;
		};
/* End XCBuildConfiguration section */

/* Begin XCConfigurationList section */
		B1B71B0A24E274DC00B39208 /* Build configuration list for PBXProject "PicViewer" */ = {
			isa = XCConfigurationList;
			buildConfigurations = (
				B1B71B3A24E274F600B39208 /* Debug */,
				B1B71B3B24E274F600B39208 /* Release */,
			);
			defaultConfigurationIsVisible = 0;
			defaultConfigurationName = Release;
		};
		B1B71B3C24E274F600B39208 /* Build configuration list for PBXNativeTarget "PicViewer" */ = {
			isa = XCConfigurationList;
			buildConfigurations = (
				B1B71B3D24E274F600B39208 /* Debug */,
				B1B71B3E24E274F600B39208 /* Release */,
			);
			defaultConfigurationIsVisible = 0;
			defaultConfigurationName = Release;
		};
		B1B71B3F24E274F600B39208 /* Build configuration list for PBXNativeTarget "PicViewerTests" */ = {
			isa = XCConfigurationList;
			buildConfigurations = (
				B1B71B4024E274F600B39208 /* Debug */,
				B1B71B4124E274F600B39208 /* Release */,
			);
			defaultConfigurationIsVisible = 0;
			defaultConfigurationName = Release;
		};
		B1B71B4224E274F600B39208 /* Build configuration list for PBXNativeTarget "PicViewerUITests" */ = {
			isa = XCConfigurationList;
			buildConfigurations = (
				B1B71B4324E274F600B39208 /* Debug */,
				B1B71B4424E274F600B39208 /* Release */,
			);
			defaultConfigurationIsVisible = 0;
			defaultConfigurationName = Release;
		};
/* End XCConfigurationList section */

/* Begin XCVersionGroup section */
		B1B71B1B24E274DD00B39208 /* PicViewer.xcdatamodeld */ = {
			isa = XCVersionGroup;
			children = (
				B1B71B1C24E274DD00B39208 /* PicViewer.xcdatamodel */,
			);
			currentVersion = B1B71B1C24E274DD00B39208 /* PicViewer.xcdatamodel */;
			path = PicViewer.xcdatamodeld;
			sourceTree = "<group>";
			versionGroupType = wrapper.xcdatamodel;
		};
/* End XCVersionGroup section */
	};
	rootObject = B1B71B0724E274DC00B39208 /* Project object */;
}
